
Microsoft Visual Studio Solution File, Format Version 12.00
# Visual Studio 15
VisualStudioVersion = 15.0.28307.705
MinimumVisualStudioVersion = 10.0.40219.1
Project("{FAE04EC0-301F-11D3-BF4B-00C04F79EFBC}") = "MAS-TrueBeauty", "MAS-TrueBeauty\MAS-TrueBeauty.csproj", "{13DC0A45-E189-40A5-AED2-AB586A749326}"
EndProject
Global
	GlobalSection(SolutionConfigurationPlatforms) = preSolution
		Debug|Any CPU = Debug|Any CPU
		Release|Any CPU = Release|Any CPU
	EndGlobalSection
	GlobalSection(ProjectConfigurationPlatforms) = postSolution
		{13DC0A45-E189-40A5-AED2-AB586A749326}.Debug|Any CPU.ActiveCfg = Debug|Any CPU
		{13DC0A45-E189-40A5-AED2-AB586A749326}.Debug|Any CPU.Build.0 = Debug|Any CPU
		{13DC0A45-E189-40A5-AED2-AB586A749326}.Release|Any CPU.ActiveCfg = Release|Any CPU
		{13DC0A45-E189-40A5-AED2-AB586A749326}.Release|Any CPU.Build.0 = Release|Any CPU
	EndGlobalSection
	GlobalSection(SolutionProperties) = preSolution
		HideSolutionNode = FALSE
	EndGlobalSection
	GlobalSection(ExtensibilityGlobals) = postSolution
		SolutionGuid = {8A556D0D-726A-402F-96C1-0864AAC5C921}
	EndGlobalSection
EndGlobal
